
Microsoft Visual Studio Solution File, Format Version 12.00
# Visual Studio Version 16
VisualStudioVersion = 16.0.31205.134
MinimumVisualStudioVersion = 10.0.40219.1
Project("{2150E333-8FDC-42A3-9474-1A3956D46DE8}") = "src", "src", "{72983C0B-904C-42C6-A070-2637EF125049}"
EndProject
Project("{2150E333-8FDC-42A3-9474-1A3956D46DE8}") = "Building Blocks", "Building Blocks", "{7D0A7848-47C2-4F77-81A0-86F1364430DA}"
EndProject
Project("{2150E333-8FDC-42A3-9474-1A3956D46DE8}") = "Services", "Services", "{9088AD9B-860D-478F-9730-BD8099CD0413}"
EndProject
Project("{2150E333-8FDC-42A3-9474-1A3956D46DE8}") = "Web", "Web", "{19239599-2369-4298-8C1C-AC66748EF9C7}"
EndProject
Project("{2150E333-8FDC-42A3-9474-1A3956D46DE8}") = "Identidade", "Identidade", "{3361E2A1-5DA5-4F8B-B7F0-8C84F59549CA}"
EndProject
Project("{9A19103F-16F7-4668-BE54-9A1E7A4F7556}") = "NSE.Identidade.API", "src\services\NSE.Identidade.API\NSE.Identidade.API.csproj", "{9B4D183F-1310-4F1B-853D-F9BBED06DEDD}"
EndProject
Project("{2150E333-8FDC-42A3-9474-1A3956D46DE8}") = "MVC", "MVC", "{A505371D-35B3-487A-AFF6-CA113BA50618}"
EndProject
Project("{2150E333-8FDC-42A3-9474-1A3956D46DE8}") = "Core", "Core", "{17407EF5-2347-4BF6-B0AB-7FEBF00B8DEE}"
EndProject
Project("{9A19103F-16F7-4668-BE54-9A1E7A4F7556}") = "NSE.Core", "src\building blocks\NSE.Core\NSE.Core.csproj", "{E0A6D56A-48B9-43C3-A6C9-4CCEB6D8A7E3}"
EndProject
Project("{9A19103F-16F7-4668-BE54-9A1E7A4F7556}") = "NSE.Carrinho.API", "src\services\NSE.Carrinho.API\NSE.Carrinho.API.csproj", "{9070FE76-B473-4625-A2F3-D085CF3AC6A6}"
EndProject
Project("{2150E333-8FDC-42A3-9474-1A3956D46DE8}") = "Carrinho", "Carrinho", "{AD2837B2-B0D3-4139-B17E-030974BACB97}"
EndProject
Project("{2150E333-8FDC-42A3-9474-1A3956D46DE8}") = "Catalogo", "Catalogo", "{0B0A8153-1406-495B-A7BE-CC2A689DCD24}"
EndProject
Project("{2150E333-8FDC-42A3-9474-1A3956D46DE8}") = "Cliente", "Cliente", "{0CE700E9-6152-46FE-8958-4547A989DE64}"
EndProject
Project("{2150E333-8FDC-42A3-9474-1A3956D46DE8}") = "Pagamento", "Pagamento", "{BDBE39C1-5754-47CF-8A92-E990BD2776D4}"
EndProject
Project("{2150E333-8FDC-42A3-9474-1A3956D46DE8}") = "Pedido", "Pedido", "{364A30BE-84B4-4D62-9BC4-EC93F0DFB40E}"
EndProject
Project("{9A19103F-16F7-4668-BE54-9A1E7A4F7556}") = "NSE.Clientes.API", "src\services\NSE.Cliente.API\NSE.Clientes.API.csproj", "{16F7869D-8634-42B9-8671-65D9BA639DB5}"
EndProject
Project("{9A19103F-16F7-4668-BE54-9A1E7A4F7556}") = "NSE.Catalogo.API", "src\services\NSE.Catalogo.API\NSE.Catalogo.API.csproj", "{A0D25FF8-516E-4075-A45B-C8B1075434EE}"
EndProject
Project("{9A19103F-16F7-4668-BE54-9A1E7A4F7556}") = "NSE.Pagamento.API", "src\services\NSE.Pagamento.API\NSE.Pagamento.API.csproj", "{394CAB41-8222-4B8B-B895-5C8613BB0370}"
EndProject
Project("{9A19103F-16F7-4668-BE54-9A1E7A4F7556}") = "NSE.Pedido.API", "src\services\NSE.Pedido.API\NSE.Pedido.API.csproj", "{C9718E84-9166-4BBC-A481-F24153C03D46}"
EndProject
Project("{9A19103F-16F7-4668-BE54-9A1E7A4F7556}") = "NSE.WebApi.Core", "src\building blocks\NSE.WebApi.Core\NSE.WebApi.Core.csproj", "{BC468CB7-E5E6-4B1D-B8B6-0C9B6827D4A0}"
EndProject
Project("{2150E333-8FDC-42A3-9474-1A3956D46DE8}") = "Services", "Services", "{875E543B-E1B9-4C3F-BC03-160DD5F5A340}"
EndProject
Project("{2150E333-8FDC-42A3-9474-1A3956D46DE8}") = "MessageBus", "MessageBus", "{F182B447-E686-4F21-9A5B-C13751A080FD}"
EndProject
Project("{9A19103F-16F7-4668-BE54-9A1E7A4F7556}") = "NSE.MessageBus", "src\building blocks\NSE.MessageBus\NSE.MessageBus.csproj", "{2C01D3B0-1992-4601-A10A-7E85123942E8}"
EndProject
Project("{9A19103F-16F7-4668-BE54-9A1E7A4F7556}") = "NSE.WebApp.MVC", "src\web\NSE.WebApp.MVC\NSE.WebApp.MVC.csproj", "{E903E25A-874C-4562-9158-C241464FE66B}"
EndProject
Project("{2150E333-8FDC-42A3-9474-1A3956D46DE8}") = "ApiGateways", "ApiGateways", "{F773FFAE-2E3D-4B57-A4EA-25C033E4F85D}"
EndProject
Project("{2150E333-8FDC-42A3-9474-1A3956D46DE8}") = "Compras", "Compras", "{AAE50363-B286-49E5-9430-CADD07092B16}"
EndProject
Project("{FAE04EC0-301F-11D3-BF4B-00C04F79EFBC}") = "NSE.Bff.Compras", "src\api gateways\NSE.Bff.Compras\NSE.Bff.Compras.csproj", "{230520F0-7F57-4C73-9C1C-F8496C5B3C42}"
EndProject
Global
	GlobalSection(SolutionConfigurationPlatforms) = preSolution
		Debug|Any CPU = Debug|Any CPU
		Release|Any CPU = Release|Any CPU
	EndGlobalSection
	GlobalSection(ProjectConfigurationPlatforms) = postSolution
		{9B4D183F-1310-4F1B-853D-F9BBED06DEDD}.Debug|Any CPU.ActiveCfg = Debug|Any CPU
		{9B4D183F-1310-4F1B-853D-F9BBED06DEDD}.Debug|Any CPU.Build.0 = Debug|Any CPU
		{9B4D183F-1310-4F1B-853D-F9BBED06DEDD}.Release|Any CPU.ActiveCfg = Release|Any CPU
		{9B4D183F-1310-4F1B-853D-F9BBED06DEDD}.Release|Any CPU.Build.0 = Release|Any CPU
		{E0A6D56A-48B9-43C3-A6C9-4CCEB6D8A7E3}.Debug|Any CPU.ActiveCfg = Debug|Any CPU
		{E0A6D56A-48B9-43C3-A6C9-4CCEB6D8A7E3}.Debug|Any CPU.Build.0 = Debug|Any CPU
		{E0A6D56A-48B9-43C3-A6C9-4CCEB6D8A7E3}.Release|Any CPU.ActiveCfg = Release|Any CPU
		{E0A6D56A-48B9-43C3-A6C9-4CCEB6D8A7E3}.Release|Any CPU.Build.0 = Release|Any CPU
		{9070FE76-B473-4625-A2F3-D085CF3AC6A6}.Debug|Any CPU.ActiveCfg = Debug|Any CPU
		{9070FE76-B473-4625-A2F3-D085CF3AC6A6}.Debug|Any CPU.Build.0 = Debug|Any CPU
		{9070FE76-B473-4625-A2F3-D085CF3AC6A6}.Release|Any CPU.ActiveCfg = Release|Any CPU
		{9070FE76-B473-4625-A2F3-D085CF3AC6A6}.Release|Any CPU.Build.0 = Release|Any CPU
		{16F7869D-8634-42B9-8671-65D9BA639DB5}.Debug|Any CPU.ActiveCfg = Debug|Any CPU
		{16F7869D-8634-42B9-8671-65D9BA639DB5}.Debug|Any CPU.Build.0 = Debug|Any CPU
		{16F7869D-8634-42B9-8671-65D9BA639DB5}.Release|Any CPU.ActiveCfg = Release|Any CPU
		{16F7869D-8634-42B9-8671-65D9BA639DB5}.Release|Any CPU.Build.0 = Release|Any CPU
		{A0D25FF8-516E-4075-A45B-C8B1075434EE}.Debug|Any CPU.ActiveCfg = Debug|Any CPU
		{A0D25FF8-516E-4075-A45B-C8B1075434EE}.Debug|Any CPU.Build.0 = Debug|Any CPU
		{A0D25FF8-516E-4075-A45B-C8B1075434EE}.Release|Any CPU.ActiveCfg = Release|Any CPU
		{A0D25FF8-516E-4075-A45B-C8B1075434EE}.Release|Any CPU.Build.0 = Release|Any CPU
		{394CAB41-8222-4B8B-B895-5C8613BB0370}.Debug|Any CPU.ActiveCfg = Debug|Any CPU
		{394CAB41-8222-4B8B-B895-5C8613BB0370}.Debug|Any CPU.Build.0 = Debug|Any CPU
		{394CAB41-8222-4B8B-B895-5C8613BB0370}.Release|Any CPU.ActiveCfg = Release|Any CPU
		{394CAB41-8222-4B8B-B895-5C8613BB0370}.Release|Any CPU.Build.0 = Release|Any CPU
		{C9718E84-9166-4BBC-A481-F24153C03D46}.Debug|Any CPU.ActiveCfg = Debug|Any CPU
		{C9718E84-9166-4BBC-A481-F24153C03D46}.Debug|Any CPU.Build.0 = Debug|Any CPU
		{C9718E84-9166-4BBC-A481-F24153C03D46}.Release|Any CPU.ActiveCfg = Release|Any CPU
		{C9718E84-9166-4BBC-A481-F24153C03D46}.Release|Any CPU.Build.0 = Release|Any CPU
		{BC468CB7-E5E6-4B1D-B8B6-0C9B6827D4A0}.Debug|Any CPU.ActiveCfg = Debug|Any CPU
		{BC468CB7-E5E6-4B1D-B8B6-0C9B6827D4A0}.Debug|Any CPU.Build.0 = Debug|Any CPU
		{BC468CB7-E5E6-4B1D-B8B6-0C9B6827D4A0}.Release|Any CPU.ActiveCfg = Release|Any CPU
		{BC468CB7-E5E6-4B1D-B8B6-0C9B6827D4A0}.Release|Any CPU.Build.0 = Release|Any CPU
		{2C01D3B0-1992-4601-A10A-7E85123942E8}.Debug|Any CPU.ActiveCfg = Debug|Any CPU
		{2C01D3B0-1992-4601-A10A-7E85123942E8}.Debug|Any CPU.Build.0 = Debug|Any CPU
		{2C01D3B0-1992-4601-A10A-7E85123942E8}.Release|Any CPU.ActiveCfg = Release|Any CPU
		{2C01D3B0-1992-4601-A10A-7E85123942E8}.Release|Any CPU.Build.0 = Release|Any CPU
		{E903E25A-874C-4562-9158-C241464FE66B}.Debug|Any CPU.ActiveCfg = Debug|Any CPU
		{E903E25A-874C-4562-9158-C241464FE66B}.Debug|Any CPU.Build.0 = Debug|Any CPU
		{E903E25A-874C-4562-9158-C241464FE66B}.Release|Any CPU.ActiveCfg = Release|Any CPU
		{E903E25A-874C-4562-9158-C241464FE66B}.Release|Any CPU.Build.0 = Release|Any CPU
		{230520F0-7F57-4C73-9C1C-F8496C5B3C42}.Debug|Any CPU.ActiveCfg = Debug|Any CPU
		{230520F0-7F57-4C73-9C1C-F8496C5B3C42}.Debug|Any CPU.Build.0 = Debug|Any CPU
		{230520F0-7F57-4C73-9C1C-F8496C5B3C42}.Release|Any CPU.ActiveCfg = Release|Any CPU
		{230520F0-7F57-4C73-9C1C-F8496C5B3C42}.Release|Any CPU.Build.0 = Release|Any CPU
	EndGlobalSection
	GlobalSection(SolutionProperties) = preSolution
		HideSolutionNode = FALSE
	EndGlobalSection
	GlobalSection(NestedProjects) = preSolution
		{7D0A7848-47C2-4F77-81A0-86F1364430DA} = {72983C0B-904C-42C6-A070-2637EF125049}
		{9088AD9B-860D-478F-9730-BD8099CD0413} = {72983C0B-904C-42C6-A070-2637EF125049}
		{19239599-2369-4298-8C1C-AC66748EF9C7} = {72983C0B-904C-42C6-A070-2637EF125049}
		{3361E2A1-5DA5-4F8B-B7F0-8C84F59549CA} = {9088AD9B-860D-478F-9730-BD8099CD0413}
		{9B4D183F-1310-4F1B-853D-F9BBED06DEDD} = {3361E2A1-5DA5-4F8B-B7F0-8C84F59549CA}
		{A505371D-35B3-487A-AFF6-CA113BA50618} = {19239599-2369-4298-8C1C-AC66748EF9C7}
		{17407EF5-2347-4BF6-B0AB-7FEBF00B8DEE} = {7D0A7848-47C2-4F77-81A0-86F1364430DA}
		{E0A6D56A-48B9-43C3-A6C9-4CCEB6D8A7E3} = {17407EF5-2347-4BF6-B0AB-7FEBF00B8DEE}
		{9070FE76-B473-4625-A2F3-D085CF3AC6A6} = {AD2837B2-B0D3-4139-B17E-030974BACB97}
		{AD2837B2-B0D3-4139-B17E-030974BACB97} = {9088AD9B-860D-478F-9730-BD8099CD0413}
		{0B0A8153-1406-495B-A7BE-CC2A689DCD24} = {9088AD9B-860D-478F-9730-BD8099CD0413}
		{0CE700E9-6152-46FE-8958-4547A989DE64} = {9088AD9B-860D-478F-9730-BD8099CD0413}
		{BDBE39C1-5754-47CF-8A92-E990BD2776D4} = {9088AD9B-860D-478F-9730-BD8099CD0413}
		{364A30BE-84B4-4D62-9BC4-EC93F0DFB40E} = {9088AD9B-860D-478F-9730-BD8099CD0413}
		{16F7869D-8634-42B9-8671-65D9BA639DB5} = {0CE700E9-6152-46FE-8958-4547A989DE64}
		{A0D25FF8-516E-4075-A45B-C8B1075434EE} = {0B0A8153-1406-495B-A7BE-CC2A689DCD24}
		{394CAB41-8222-4B8B-B895-5C8613BB0370} = {BDBE39C1-5754-47CF-8A92-E990BD2776D4}
		{C9718E84-9166-4BBC-A481-F24153C03D46} = {364A30BE-84B4-4D62-9BC4-EC93F0DFB40E}
		{BC468CB7-E5E6-4B1D-B8B6-0C9B6827D4A0} = {875E543B-E1B9-4C3F-BC03-160DD5F5A340}
		{875E543B-E1B9-4C3F-BC03-160DD5F5A340} = {7D0A7848-47C2-4F77-81A0-86F1364430DA}
		{F182B447-E686-4F21-9A5B-C13751A080FD} = {7D0A7848-47C2-4F77-81A0-86F1364430DA}
		{2C01D3B0-1992-4601-A10A-7E85123942E8} = {F182B447-E686-4F21-9A5B-C13751A080FD}
		{E903E25A-874C-4562-9158-C241464FE66B} = {A505371D-35B3-487A-AFF6-CA113BA50618}
		{F773FFAE-2E3D-4B57-A4EA-25C033E4F85D} = {72983C0B-904C-42C6-A070-2637EF125049}
		{AAE50363-B286-49E5-9430-CADD07092B16} = {F773FFAE-2E3D-4B57-A4EA-25C033E4F85D}
		{230520F0-7F57-4C73-9C1C-F8496C5B3C42} = {AAE50363-B286-49E5-9430-CADD07092B16}
	EndGlobalSection
	GlobalSection(ExtensibilityGlobals) = postSolution
		SolutionGuid = {67607603-2DDD-4CD7-96ED-A492D9A2A3F9}
	EndGlobalSection
EndGlobal
